
Microsoft Visual Studio Solution File, Format Version 12.00
# Visual Studio Version 17
VisualStudioVersion = 17.5.33530.505
MinimumVisualStudioVersion = 10.0.40219.1
Project("{9A19103F-16F7-4668-BE54-9A1E7A4F7556}") = "MyFirstMySql", "MyFirstMySql\MyFirstMySql.csproj", "{04C174A7-2A3C-43D2-91D4-861C42231012}"
EndProject
Project("{9A19103F-16F7-4668-BE54-9A1E7A4F7556}") = "MyFirstModel", "MyFirstModel\MyFirstModel.csproj", "{AD02AF3E-0C00-45F8-A98C-6D078073F1C1}"
EndProject
Project("{9A19103F-16F7-4668-BE54-9A1E7A4F7556}") = "MyFirstDataAccess", "MyFirstDataAccess\MyFirstDataAccess.csproj", "{3B2F7078-8504-465C-B37C-34D34924BC83}"
EndProject
Global
	GlobalSection(SolutionConfigurationPlatforms) = preSolution
		Debug|Any CPU = Debug|Any CPU
		Release|Any CPU = Release|Any CPU
	EndGlobalSection
	GlobalSection(ProjectConfigurationPlatforms) = postSolution
		{04C174A7-2A3C-43D2-91D4-861C42231012}.Debug|Any CPU.ActiveCfg = Debug|Any CPU
		{04C174A7-2A3C-43D2-91D4-861C42231012}.Debug|Any CPU.Build.0 = Debug|Any CPU
		{04C174A7-2A3C-43D2-91D4-861C42231012}.Release|Any CPU.ActiveCfg = Release|Any CPU
		{04C174A7-2A3C-43D2-91D4-861C42231012}.Release|Any CPU.Build.0 = Release|Any CPU
		{AD02AF3E-0C00-45F8-A98C-6D078073F1C1}.Debug|Any CPU.ActiveCfg = Debug|Any CPU
		{AD02AF3E-0C00-45F8-A98C-6D078073F1C1}.Debug|Any CPU.Build.0 = Debug|Any CPU
		{AD02AF3E-0C00-45F8-A98C-6D078073F1C1}.Release|Any CPU.ActiveCfg = Release|Any CPU
		{AD02AF3E-0C00-45F8-A98C-6D078073F1C1}.Release|Any CPU.Build.0 = Release|Any CPU
		{3B2F7078-8504-465C-B37C-34D34924BC83}.Debug|Any CPU.ActiveCfg = Debug|Any CPU
		{3B2F7078-8504-465C-B37C-34D34924BC83}.Debug|Any CPU.Build.0 = Debug|Any CPU
		{3B2F7078-8504-465C-B37C-34D34924BC83}.Release|Any CPU.ActiveCfg = Release|Any CPU
		{3B2F7078-8504-465C-B37C-34D34924BC83}.Release|Any CPU.Build.0 = Release|Any CPU
	EndGlobalSection
	GlobalSection(SolutionProperties) = preSolution
		HideSolutionNode = FALSE
	EndGlobalSection
	GlobalSection(ExtensibilityGlobals) = postSolution
		SolutionGuid = {57795022-1D74-4C01-89DE-847D70D53B6C}
	EndGlobalSection
EndGlobal
